// !$*UTF8*$!
{
	archiveVersion = 1;
	classes = {
	};
	objectVersion = 42;
	objects = {

/* Begin PBXBuildFile section */
		6203280009EF776400E68EC0 /* Analyze.c in Sources */ = {isa = PBXBuildFile; fileRef = 620327FC09EF776400E68EC0 /* Analyze.c */; };
		6203287B09EF79FB00E68EC0 /* FreeSurfer.c in Sources */ = {isa = PBXBuildFile; fileRef = 6203287909EF79FB00E68EC0 /* FreeSurfer.c */; };
		620C9BF711AC29D0001EFF6F /* SurfaceRAMON.c in Sources */ = {isa = PBXBuildFile; fileRef = 620C9BF611AC29D0001EFF6F /* SurfaceRAMON.c */; };
		620C9DDA12080136009D9410 /* Nifti.c in Sources */ = {isa = PBXBuildFile; fileRef = 620C9DD812080136009D9410 /* Nifti.c */; };
		62352BCB115A1F6A0029B551 /* VolumeRAMON.c in Sources */ = {isa = PBXBuildFile; fileRef = 62352BC9115A1F6A0029B551 /* VolumeRAMON.c */; };
		624451D20A387345007F17D0 /* ramones-doc.icns in Resources */ = {isa = PBXBuildFile; fileRef = 624451D10A387345007F17D0 /* ramones-doc.icns */; };
		624451E20A38798B007F17D0 /* ramones-app.icns in Resources */ = {isa = PBXBuildFile; fileRef = 624451E10A38798B007F17D0 /* ramones-app.icns */; };
		62A2B62D0F52FA5F00F968C2 /* MGH.c in Sources */ = {isa = PBXBuildFile; fileRef = 62A2B62B0F52FA5F00F968C2 /* MGH.c */; };
		62C0183109E82EA400216ACB /* MyAppController.m in Sources */ = {isa = PBXBuildFile; fileRef = 62C0182F09E82EA400216ACB /* MyAppController.m */; };
		62C0197309E84DE400216ACB /* Read me.txt in Resources */ = {isa = PBXBuildFile; fileRef = 62C0197209E84DE300216ACB /* Read me.txt */; };
		775BDEF1067A8BF0009058FE /* MyDocument.xcdatamodel in Sources */ = {isa = PBXBuildFile; fileRef = 775BDEF0067A8BF0009058FE /* MyDocument.xcdatamodel */; };
		775DFF38067A968500C5B868 /* Cocoa.framework in Frameworks */ = {isa = PBXBuildFile; fileRef = 1058C7A7FEA54F5311CA2CBB /* Cocoa.framework */; };
		8D15AC2C0486D014006FF6A4 /* Credits.rtf in Resources */ = {isa = PBXBuildFile; fileRef = 2A37F4B9FDCFA73011CA2CEA /* Credits.rtf */; };
		8D15AC2D0486D014006FF6A4 /* MainMenu.nib in Resources */ = {isa = PBXBuildFile; fileRef = 2A37F4B6FDCFA73011CA2CEA /* MainMenu.nib */; };
		8D15AC2E0486D014006FF6A4 /* MyDocument.nib in Resources */ = {isa = PBXBuildFile; fileRef = 2A37F4B4FDCFA73011CA2CEA /* MyDocument.nib */; };
		8D15AC2F0486D014006FF6A4 /* InfoPlist.strings in Resources */ = {isa = PBXBuildFile; fileRef = 089C165FFE840EACC02AAC07 /* InfoPlist.strings */; };
		8D15AC310486D014006FF6A4 /* MyDocument.m in Sources */ = {isa = PBXBuildFile; fileRef = 2A37F4ACFDCFA73011CA2CEA /* MyDocument.m */; settings = {ATTRIBUTES = (); }; };
		8D15AC320486D014006FF6A4 /* main.m in Sources */ = {isa = PBXBuildFile; fileRef = 2A37F4B0FDCFA73011CA2CEA /* main.m */; settings = {ATTRIBUTES = (); }; };
/* End PBXBuildFile section */

/* Begin PBXFileReference section */
		089C1660FE840EACC02AAC07 /* English */ = {isa = PBXFileReference; fileEncoding = 10; lastKnownFileType = text.plist.strings; name = English; path = English.lproj/InfoPlist.strings; sourceTree = "<group>"; };
		1058C7A7FEA54F5311CA2CBB /* Cocoa.framework */ = {isa = PBXFileReference; lastKnownFileType = wrapper.framework; name = Cocoa.framework; path = /System/Library/Frameworks/Cocoa.framework; sourceTree = "<absolute>"; };
		2A37F4ACFDCFA73011CA2CEA /* MyDocument.m */ = {isa = PBXFileReference; fileEncoding = 4; lastKnownFileType = sourcecode.c.objc; path = MyDocument.m; sourceTree = "<group>"; };
		2A37F4AEFDCFA73011CA2CEA /* MyDocument.h */ = {isa = PBXFileReference; fileEncoding = 4; lastKnownFileType = sourcecode.c.h; path = MyDocument.h; sourceTree = "<group>"; };
		2A37F4B0FDCFA73011CA2CEA /* main.m */ = {isa = PBXFileReference; fileEncoding = 4; lastKnownFileType = sourcecode.c.objc; path = main.m; sourceTree = "<group>"; };
		2A37F4B5FDCFA73011CA2CEA /* English */ = {isa = PBXFileReference; lastKnownFileType = wrapper.nib; name = English; path = English.lproj/MyDocument.nib; sourceTree = "<group>"; };
		2A37F4B7FDCFA73011CA2CEA /* English */ = {isa = PBXFileReference; lastKnownFileType = wrapper.nib; name = English; path = English.lproj/MainMenu.nib; sourceTree = "<group>"; };
		2A37F4BAFDCFA73011CA2CEA /* English */ = {isa = PBXFileReference; lastKnownFileType = text.rtf; name = English; path = English.lproj/Credits.rtf; sourceTree = "<group>"; };
		2A37F4C4FDCFA73011CA2CEA /* AppKit.framework */ = {isa = PBXFileReference; lastKnownFileType = wrapper.framework; name = AppKit.framework; path = /System/Library/Frameworks/AppKit.framework; sourceTree = "<absolute>"; };
		2A37F4C5FDCFA73011CA2CEA /* Foundation.framework */ = {isa = PBXFileReference; lastKnownFileType = wrapper.framework; name = Foundation.framework; path = /System/Library/Frameworks/Foundation.framework; sourceTree = "<absolute>"; };
		32DBCF750370BD2300C91783 /* CollectionRAMON_Prefix.pch */ = {isa = PBXFileReference; fileEncoding = 4; lastKnownFileType = sourcecode.c.h; path = CollectionRAMON_Prefix.pch; sourceTree = "<group>"; };
		620327FC09EF776400E68EC0 /* Analyze.c */ = {isa = PBXFileReference; fileEncoding = 30; lastKnownFileType = sourcecode.c.c; name = Analyze.c; path = ../Analyze.c; sourceTree = SOURCE_ROOT; };
		620327FD09EF776400E68EC0 /* Analyze.h */ = {isa = PBXFileReference; fileEncoding = 30; lastKnownFileType = sourcecode.c.h; name = Analyze.h; path = ../Analyze.h; sourceTree = SOURCE_ROOT; };
		6203287909EF79FB00E68EC0 /* FreeSurfer.c */ = {isa = PBXFileReference; fileEncoding = 30; lastKnownFileType = sourcecode.c.c; name = FreeSurfer.c; path = ../FreeSurfer.c; sourceTree = SOURCE_ROOT; };
		6203287A09EF79FB00E68EC0 /* FreeSurfer.h */ = {isa = PBXFileReference; fileEncoding = 30; lastKnownFileType = sourcecode.c.h; name = FreeSurfer.h; path = ../FreeSurfer.h; sourceTree = SOURCE_ROOT; };
		620C9B6612019D60009D9410 /* nifti1.h */ = {isa = PBXFileReference; fileEncoding = 4; lastKnownFileType = sourcecode.c.h; name = nifti1.h; path = ../nifti1.h; sourceTree = SOURCE_ROOT; };
		620C9BF511AC29D0001EFF6F /* SurfaceRAMON.h */ = {isa = PBXFileReference; fileEncoding = 4; lastKnownFileType = sourcecode.c.h; path = SurfaceRAMON.h; sourceTree = "<group>"; };
		620C9BF611AC29D0001EFF6F /* SurfaceRAMON.c */ = {isa = PBXFileReference; fileEncoding = 4; lastKnownFileType = sourcecode.c.c; path = SurfaceRAMON.c; sourceTree = "<group>"; };
		620C9DD812080136009D9410 /* Nifti.c */ = {isa = PBXFileReference; fileEncoding = 4; lastKnownFileType = sourcecode.c.c; name = Nifti.c; path = ../Nifti.c; sourceTree = SOURCE_ROOT; };
		620C9DD912080136009D9410 /* Nifti.h */ = {isa = PBXFileReference; fileEncoding = 4; lastKnownFileType = sourcecode.c.h; name = Nifti.h; path = ../Nifti.h; sourceTree = SOURCE_ROOT; };
		62352BC9115A1F6A0029B551 /* VolumeRAMON.c */ = {isa = PBXFileReference; fileEncoding = 4; lastKnownFileType = sourcecode.c.c; name = VolumeRAMON.c; path = ../VolumeRAMON.c; sourceTree = SOURCE_ROOT; };
		62352BCA115A1F6A0029B551 /* VolumeRAMON.h */ = {isa = PBXFileReference; fileEncoding = 4; lastKnownFileType = sourcecode.c.h; name = VolumeRAMON.h; path = ../VolumeRAMON.h; sourceTree = SOURCE_ROOT; };
		624451D10A387345007F17D0 /* ramones-doc.icns */ = {isa = PBXFileReference; lastKnownFileType = image.icns; path = "ramones-doc.icns"; sourceTree = "<group>"; };
		624451E10A38798B007F17D0 /* ramones-app.icns */ = {isa = PBXFileReference; lastKnownFileType = image.icns; path = "ramones-app.icns"; sourceTree = "<group>"; };
		62A2B62B0F52FA5F00F968C2 /* MGH.c */ = {isa = PBXFileReference; fileEncoding = 4; lastKnownFileType = sourcecode.c.c; name = MGH.c; path = ../MGH.c; sourceTree = SOURCE_ROOT; };
		62A2B62C0F52FA5F00F968C2 /* MGH.h */ = {isa = PBXFileReference; fileEncoding = 4; lastKnownFileType = sourcecode.c.h; name = MGH.h; path = ../MGH.h; sourceTree = SOURCE_ROOT; };
		62C0182F09E82EA400216ACB /* MyAppController.m */ = {isa = PBXFileReference; fileEncoding = 30; lastKnownFileType = sourcecode.c.objc; path = MyAppController.m; sourceTree = "<group>"; };
		62C0183009E82EA400216ACB /* MyAppController.h */ = {isa = PBXFileReference; fileEncoding = 30; lastKnownFileType = sourcecode.c.h; path = MyAppController.h; sourceTree = "<group>"; };
		62C0197209E84DE300216ACB /* Read me.txt */ = {isa = PBXFileReference; fileEncoding = 30; lastKnownFileType = text; path = "Read me.txt"; sourceTree = "<group>"; };
		775BDEF0067A8BF0009058FE /* MyDocument.xcdatamodel */ = {isa = PBXFileReference; fileEncoding = 4; lastKnownFileType = wrapper.xcdatamodel; path = MyDocument.xcdatamodel; sourceTree = "<group>"; };
		7788DA0506752A1600599AAD /* CoreData.framework */ = {isa = PBXFileReference; lastKnownFileType = wrapper.framework; name = CoreData.framework; path = /System/Library/Frameworks/CoreData.framework; sourceTree = "<absolute>"; };
		8D15AC360486D014006FF6A4 /* Info.plist */ = {isa = PBXFileReference; fileEncoding = 4; lastKnownFileType = text.plist; path = Info.plist; sourceTree = "<group>"; };
		8D15AC370486D014006FF6A4 /* CollectionRAMON.app */ = {isa = PBXFileReference; explicitFileType = wrapper.application; includeInIndex = 0; path = CollectionRAMON.app; sourceTree = BUILT_PRODUCTS_DIR; };
/* End PBXFileReference section */

/* Begin PBXFrameworksBuildPhase section */
		8D15AC330486D014006FF6A4 /* Frameworks */ = {
			isa = PBXFrameworksBuildPhase;
			buildActionMask = 2147483647;
			files = (
				775DFF38067A968500C5B868 /* Cocoa.framework in Frameworks */,
			);
			runOnlyForDeploymentPostprocessing = 0;
		};
/* End PBXFrameworksBuildPhase section */

/* Begin PBXGroup section */
		1058C7A6FEA54F5311CA2CBB /* Linked Frameworks */ = {
			isa = PBXGroup;
			children = (
				1058C7A7FEA54F5311CA2CBB /* Cocoa.framework */,
			);
			name = "Linked Frameworks";
			sourceTree = "<group>";
		};
		1058C7A8FEA54F5311CA2CBB /* Other Frameworks */ = {
			isa = PBXGroup;
			children = (
				2A37F4C5FDCFA73011CA2CEA /* Foundation.framework */,
				7788DA0506752A1600599AAD /* CoreData.framework */,
				2A37F4C4FDCFA73011CA2CEA /* AppKit.framework */,
			);
			name = "Other Frameworks";
			sourceTree = "<group>";
		};
		19C28FB0FE9D524F11CA2CBB /* Products */ = {
			isa = PBXGroup;
			children = (
				8D15AC370486D014006FF6A4 /* CollectionRAMON.app */,
			);
			name = Products;
			sourceTree = "<group>";
		};
		2A37F4AAFDCFA73011CA2CEA /* CollectionRAMON */ = {
			isa = PBXGroup;
			children = (
				62C0197209E84DE300216ACB /* Read me.txt */,
				62FDB9F009E59907003DDE49 /* Standard C */,
				2A37F4ABFDCFA73011CA2CEA /* Classes */,
				E1B74B1A0667B4A90069E3BA /* Models */,
				2A37F4AFFDCFA73011CA2CEA /* Other Sources */,
				2A37F4B8FDCFA73011CA2CEA /* Resources */,
				2A37F4C3FDCFA73011CA2CEA /* Frameworks */,
				19C28FB0FE9D524F11CA2CBB /* Products */,
			);
			name = CollectionRAMON;
			sourceTree = "<group>";
		};
		2A37F4ABFDCFA73011CA2CEA /* Classes */ = {
			isa = PBXGroup;
			children = (
				62C0183009E82EA400216ACB /* MyAppController.h */,
				62C0182F09E82EA400216ACB /* MyAppController.m */,
				2A37F4AEFDCFA73011CA2CEA /* MyDocument.h */,
				2A37F4ACFDCFA73011CA2CEA /* MyDocument.m */,
			);
			name = Classes;
			sourceTree = "<group>";
		};
		2A37F4AFFDCFA73011CA2CEA /* Other Sources */ = {
			isa = PBXGroup;
			children = (
				32DBCF750370BD2300C91783 /* CollectionRAMON_Prefix.pch */,
				2A37F4B0FDCFA73011CA2CEA /* main.m */,
			);
			name = "Other Sources";
			sourceTree = "<group>";
		};
		2A37F4B8FDCFA73011CA2CEA /* Resources */ = {
			isa = PBXGroup;
			children = (
				624451E10A38798B007F17D0 /* ramones-app.icns */,
				624451D10A387345007F17D0 /* ramones-doc.icns */,
				2A37F4B9FDCFA73011CA2CEA /* Credits.rtf */,
				2A37F4B6FDCFA73011CA2CEA /* MainMenu.nib */,
				2A37F4B4FDCFA73011CA2CEA /* MyDocument.nib */,
				8D15AC360486D014006FF6A4 /* Info.plist */,
				089C165FFE840EACC02AAC07 /* InfoPlist.strings */,
			);
			name = Resources;
			sourceTree = "<group>";
		};
		2A37F4C3FDCFA73011CA2CEA /* Frameworks */ = {
			isa = PBXGroup;
			children = (
				1058C7A6FEA54F5311CA2CBB /* Linked Frameworks */,
				1058C7A8FEA54F5311CA2CBB /* Other Frameworks */,
			);
			name = Frameworks;
			sourceTree = "<group>";
		};
		62FDB9F009E59907003DDE49 /* Standard C */ = {
			isa = PBXGroup;
			children = (
				620327FD09EF776400E68EC0 /* Analyze.h */,
				620327FC09EF776400E68EC0 /* Analyze.c */,
				620C9B6612019D60009D9410 /* nifti1.h */,
				620C9DD912080136009D9410 /* Nifti.h */,
				620C9DD812080136009D9410 /* Nifti.c */,
				62A2B62C0F52FA5F00F968C2 /* MGH.h */,
				62A2B62B0F52FA5F00F968C2 /* MGH.c */,
				62352BCA115A1F6A0029B551 /* VolumeRAMON.h */,
				62352BC9115A1F6A0029B551 /* VolumeRAMON.c */,
				6203287A09EF79FB00E68EC0 /* FreeSurfer.h */,
				6203287909EF79FB00E68EC0 /* FreeSurfer.c */,
				620C9BF511AC29D0001EFF6F /* SurfaceRAMON.h */,
				620C9BF611AC29D0001EFF6F /* SurfaceRAMON.c */,
			);
			name = "Standard C";
			sourceTree = "<group>";
		};
		E1B74B1A0667B4A90069E3BA /* Models */ = {
			isa = PBXGroup;
			children = (
				775BDEF0067A8BF0009058FE /* MyDocument.xcdatamodel */,
			);
			name = Models;
			sourceTree = "<group>";
		};
/* End PBXGroup section */

/* Begin PBXNativeTarget section */
		8D15AC270486D014006FF6A4 /* CollectionRAMON */ = {
			isa = PBXNativeTarget;
			buildConfigurationList = 62BC2CE509E555C800B172EE /* Build configuration list for PBXNativeTarget "CollectionRAMON" */;
			buildPhases = (
				8D15AC2B0486D014006FF6A4 /* Resources */,
				8D15AC300486D014006FF6A4 /* Sources */,
				8D15AC330486D014006FF6A4 /* Frameworks */,
			);
			buildRules = (
			);
			dependencies = (
			);
			name = CollectionRAMON;
			productInstallPath = "$(HOME)/Applications";
			productName = CollectionRAMON;
			productReference = 8D15AC370486D014006FF6A4 /* CollectionRAMON.app */;
			productType = "com.apple.product-type.application";
		};
/* End PBXNativeTarget section */

/* Begin PBXProject section */
		2A37F4A9FDCFA73011CA2CEA /* Project object */ = {
			isa = PBXProject;
			buildConfigurationList = 62BC2CE909E555C800B172EE /* Build configuration list for PBXProject "CollectionRAMON" */;
			compatibilityVersion = "Xcode 2.4";
			hasScannedForEncodings = 1;
			mainGroup = 2A37F4AAFDCFA73011CA2CEA /* CollectionRAMON */;
			projectDirPath = "";
			projectRoot = "";
			targets = (
				8D15AC270486D014006FF6A4 /* CollectionRAMON */,
			);
		};
/* End PBXProject section */

/* Begin PBXResourcesBuildPhase section */
		8D15AC2B0486D014006FF6A4 /* Resources */ = {
			isa = PBXResourcesBuildPhase;
			buildActionMask = 2147483647;
			files = (
				8D15AC2C0486D014006FF6A4 /* Credits.rtf in Resources */,
				8D15AC2D0486D014006FF6A4 /* MainMenu.nib in Resources */,
				8D15AC2E0486D014006FF6A4 /* MyDocument.nib in Resources */,
				8D15AC2F0486D014006FF6A4 /* InfoPlist.strings in Resources */,
				62C0197309E84DE400216ACB /* Read me.txt in Resources */,
				624451D20A387345007F17D0 /* ramones-doc.icns in Resources */,
				624451E20A38798B007F17D0 /* ramones-app.icns in Resources */,
			);
			runOnlyForDeploymentPostprocessing = 0;
		};
/* End PBXResourcesBuildPhase section */

/* Begin PBXSourcesBuildPhase section */
		8D15AC300486D014006FF6A4 /* Sources */ = {
			isa = PBXSourcesBuildPhase;
			buildActionMask = 2147483647;
			files = (
				8D15AC310486D014006FF6A4 /* MyDocument.m in Sources */,
				8D15AC320486D014006FF6A4 /* main.m in Sources */,
				775BDEF1067A8BF0009058FE /* MyDocument.xcdatamodel in Sources */,
				62C0183109E82EA400216ACB /* MyAppController.m in Sources */,
				6203280009EF776400E68EC0 /* Analyze.c in Sources */,
				6203287B09EF79FB00E68EC0 /* FreeSurfer.c in Sources */,
				62A2B62D0F52FA5F00F968C2 /* MGH.c in Sources */,
				62352BCB115A1F6A0029B551 /* VolumeRAMON.c in Sources */,
				620C9BF711AC29D0001EFF6F /* SurfaceRAMON.c in Sources */,
				620C9DDA12080136009D9410 /* Nifti.c in Sources */,
			);
			runOnlyForDeploymentPostprocessing = 0;
		};
/* End PBXSourcesBuildPhase section */

/* Begin PBXVariantGroup section */
		089C165FFE840EACC02AAC07 /* InfoPlist.strings */ = {
			isa = PBXVariantGroup;
			children = (
				089C1660FE840EACC02AAC07 /* English */,
			);
			name = InfoPlist.strings;
			sourceTree = "<group>";
		};
		2A37F4B4FDCFA73011CA2CEA /* MyDocument.nib */ = {
			isa = PBXVariantGroup;
			children = (
				2A37F4B5FDCFA73011CA2CEA /* English */,
			);
			name = MyDocument.nib;
			sourceTree = "<group>";
		};
		2A37F4B6FDCFA73011CA2CEA /* MainMenu.nib */ = {
			isa = PBXVariantGroup;
			children = (
				2A37F4B7FDCFA73011CA2CEA /* English */,
			);
			name = MainMenu.nib;
			sourceTree = "<group>";
		};
		2A37F4B9FDCFA73011CA2CEA /* Credits.rtf */ = {
			isa = PBXVariantGroup;
			children = (
				2A37F4BAFDCFA73011CA2CEA /* English */,
			);
			name = Credits.rtf;
			sourceTree = "<group>";
		};
/* End PBXVariantGroup section */

/* Begin XCBuildConfiguration section */
		62BC2CE609E555C800B172EE /* Debug */ = {
			isa = XCBuildConfiguration;
			buildSettings = {
				COPY_PHASE_STRIP = NO;
				GCC_DYNAMIC_NO_PIC = NO;
				GCC_ENABLE_FIX_AND_CONTINUE = YES;
				GCC_ENABLE_OBJC_EXCEPTIONS = YES;
				GCC_GENERATE_DEBUGGING_SYMBOLS = YES;
				GCC_MODEL_TUNING = G5;
				GCC_OPTIMIZATION_LEVEL = 0;
				GCC_PRECOMPILE_PREFIX_HEADER = YES;
				GCC_PREFIX_HEADER = CollectionRAMON_Prefix.pch;
				GCC_WARN_ABOUT_RETURN_TYPE = YES;
				GCC_WARN_UNUSED_VARIABLE = YES;
				INFOPLIST_FILE = Info.plist;
				INSTALL_PATH = "$(HOME)/Applications";
				PREBINDING = NO;
				PRODUCT_NAME = CollectionRAMON;
				WRAPPER_EXTENSION = app;
				ZERO_LINK = NO;
			};
			name = Debug;
		};
		62BC2CE709E555C800B172EE /* Release */ = {
			isa = XCBuildConfiguration;
			buildSettings = {
				COPY_PHASE_STRIP = YES;
				GCC_ENABLE_FIX_AND_CONTINUE = NO;
				GCC_ENABLE_OBJC_EXCEPTIONS = YES;
				GCC_GENERATE_DEBUGGING_SYMBOLS = NO;
				GCC_MODEL_TUNING = G5;
				GCC_PRECOMPILE_PREFIX_HEADER = YES;
				GCC_PREFIX_HEADER = CollectionRAMON_Prefix.pch;
				GCC_WARN_ABOUT_RETURN_TYPE = YES;
				GCC_WARN_UNUSED_VARIABLE = YES;
				INFOPLIST_FILE = Info.plist;
				INSTALL_PATH = "$(HOME)/Applications";
				PREBINDING = NO;
				PRODUCT_NAME = CollectionRAMON;
				WRAPPER_EXTENSION = app;
				ZERO_LINK = NO;
			};
			name = Release;
		};
		62BC2CE809E555C800B172EE /* Default */ = {
			isa = XCBuildConfiguration;
			buildSettings = {
				GCC_ENABLE_OBJC_EXCEPTIONS = YES;
				GCC_GENERATE_DEBUGGING_SYMBOLS = NO;
				GCC_MODEL_TUNING = G5;
				GCC_PRECOMPILE_PREFIX_HEADER = YES;
				GCC_PREFIX_HEADER = CollectionRAMON_Prefix.pch;
				GCC_WARN_ABOUT_RETURN_TYPE = YES;
				GCC_WARN_UNUSED_VARIABLE = YES;
				INFOPLIST_FILE = Info.plist;
				INSTALL_PATH = "$(HOME)/Applications";
				PREBINDING = NO;
				PRODUCT_NAME = CollectionRAMON;
				WRAPPER_EXTENSION = app;
			};
			name = Default;
		};
		62BC2CEA09E555C800B172EE /* Debug */ = {
			isa = XCBuildConfiguration;
			buildSettings = {
			};
			name = Debug;
		};
		62BC2CEB09E555C800B172EE /* Release */ = {
			isa = XCBuildConfiguration;
			buildSettings = {
			};
			name = Release;
		};
		62BC2CEC09E555C800B172EE /* Default */ = {
			isa = XCBuildConfiguration;
			buildSettings = {
			};
			name = Default;
		};
/* End XCBuildConfiguration section */

/* Begin XCConfigurationList section */
		62BC2CE509E555C800B172EE /* Build configuration list for PBXNativeTarget "CollectionRAMON" */ = {
			isa = XCConfigurationList;
			buildConfigurations = (
				62BC2CE609E555C800B172EE /* Debug */,
				62BC2CE709E555C800B172EE /* Release */,
				62BC2CE809E555C800B172EE /* Default */,
			);
			defaultConfigurationIsVisible = 0;
			defaultConfigurationName = Default;
		};
		62BC2CE909E555C800B172EE /* Build configuration list for PBXProject "CollectionRAMON" */ = {
			isa = XCConfigurationList;
			buildConfigurations = (
				62BC2CEA09E555C800B172EE /* Debug */,
				62BC2CEB09E555C800B172EE /* Release */,
				62BC2CEC09E555C800B172EE /* Default */,
			);
			defaultConfigurationIsVisible = 0;
			defaultConfigurationName = Default;
		};
/* End XCConfigurationList section */
	};
	rootObject = 2A37F4A9FDCFA73011CA2CEA /* Project object */;
}
